
Microsoft Visual Studio Solution File, Format Version 12.00
# Visual Studio Version 17
VisualStudioVersion = 17.14.36408.4
MinimumVisualStudioVersion = 10.0.40219.1
Project("{FAE04EC0-301F-11D3-BF4B-00C04F79EFBC}") = "Transport_Nedarvning", "Nedarvning\Transport_Nedarvning.csproj", "{AC0DBDBA-9767-4356-94C1-44C19B59853C}"
EndProject
Project("{FAE04EC0-301F-11D3-BF4B-00C04F79EFBC}") = "Zoo_Nedarvning", "Zoo_Nedarvning\Zoo_Nedarvning.csproj", "{34BC09B7-E44E-44DE-9E2C-2E01DF8D6913}"
EndProject
Project("{FAE04EC0-301F-11D3-BF4B-00C04F79EFBC}") = "Betalingssystem_Nedarvning", "Betalingssystem_Nedarvning\Betalingssystem_Nedarvning.csproj", "{4661B31F-B07A-458F-A54B-3A742D1E5772}"
EndProject
Project("{FAE04EC0-301F-11D3-BF4B-00C04F79EFBC}") = "GeometriskeFigurer_Nedarvning", "Shape_Nedarvning\GeometriskeFigurer_Nedarvning.csproj", "{7301E4C5-DC3E-4F08-913A-1CBA8B018719}"
EndProject
Project("{FAE04EC0-301F-11D3-BF4B-00C04F79EFBC}") = "RPGKarakterer_Nedarvning", "RPGKarakterer_Nedarvning\RPGKarakterer_Nedarvning.csproj", "{721231C2-22BF-4A5F-8536-CBC63163E3FD}"
EndProject
Project("{FAE04EC0-301F-11D3-BF4B-00C04F79EFBC}") = "Betalingssystem_Interface", "Betalingssystem_Interface\Betalingssystem_Interface.csproj", "{791D6DA1-BA6D-4CF4-9F49-DE7A292A1AC7}"
EndProject
Project("{FAE04EC0-301F-11D3-BF4B-00C04F79EFBC}") = "Dokumenter_Interface", "Dokumenter_Interface\Dokumenter_Interface.csproj", "{D8064FC6-2C4E-4037-B68B-52AA0F6B76A2}"
EndProject
Project("{FAE04EC0-301F-11D3-BF4B-00C04F79EFBC}") = "Køretøj_Interface", "Køretøj_Interface\Køretøj_Interface.csproj", "{BDC88D7C-F212-424A-AEC2-101CCE1B8C54}"
EndProject
Project("{FAE04EC0-301F-11D3-BF4B-00C04F79EFBC}") = "Dyrelyde_Interface", "Dyrelyde_Interface\Dyrelyde_Interface.csproj", "{FD60CD7A-B3DD-4267-ABF6-A2E3A409C5AB}"
EndProject
Project("{FAE04EC0-301F-11D3-BF4B-00C04F79EFBC}") = "RPGVåbenssystem_Interface", "RPGVåbenssystem_Interface\RPGVåbenssystem_Interface.csproj", "{9CAFDF43-5A60-4A39-A644-7226C27A8EC0}"
EndProject
Project("{FAE04EC0-301F-11D3-BF4B-00C04F79EFBC}") = "Logger_Dependency", "Logger_Dependency\Logger_Dependency.csproj", "{54145AAE-7687-4523-A3C0-5FD440D72BEF}"
EndProject
Project("{FAE04EC0-301F-11D3-BF4B-00C04F79EFBC}") = "BetalingsGetaway_Dependency", "BetalingsGetaway_Dependency\BetalingsGetaway_Dependency.csproj", "{2A5768FD-27ED-4935-80A1-B40E3226D97D}"
EndProject
Project("{FAE04EC0-301F-11D3-BF4B-00C04F79EFBC}") = "Email_Dependency", "Email_Dependency\Email_Dependency.csproj", "{56793D55-BA47-44FA-AC80-059E4B4214F9}"
EndProject
Project("{FAE04EC0-301F-11D3-BF4B-00C04F79EFBC}") = "DataRepository_Dependency", "DataRepository_Dependency\DataRepository_Dependency.csproj", "{C10DCAA0-CA34-46EF-8E98-3DCBA61ED7B6}"
EndProject
Project("{FAE04EC0-301F-11D3-BF4B-00C04F79EFBC}") = "DataRepository_Tests", "DataRepository_Tests\DataRepository_Tests.csproj", "{569E3A0D-400D-40E5-BFD9-8E9E8C820C93}"
EndProject
Global
	GlobalSection(SolutionConfigurationPlatforms) = preSolution
		Debug|Any CPU = Debug|Any CPU
		Release|Any CPU = Release|Any CPU
	EndGlobalSection
	GlobalSection(ProjectConfigurationPlatforms) = postSolution
		{AC0DBDBA-9767-4356-94C1-44C19B59853C}.Debug|Any CPU.ActiveCfg = Debug|Any CPU
		{AC0DBDBA-9767-4356-94C1-44C19B59853C}.Debug|Any CPU.Build.0 = Debug|Any CPU
		{AC0DBDBA-9767-4356-94C1-44C19B59853C}.Release|Any CPU.ActiveCfg = Release|Any CPU
		{AC0DBDBA-9767-4356-94C1-44C19B59853C}.Release|Any CPU.Build.0 = Release|Any CPU
		{34BC09B7-E44E-44DE-9E2C-2E01DF8D6913}.Debug|Any CPU.ActiveCfg = Debug|Any CPU
		{34BC09B7-E44E-44DE-9E2C-2E01DF8D6913}.Debug|Any CPU.Build.0 = Debug|Any CPU
		{34BC09B7-E44E-44DE-9E2C-2E01DF8D6913}.Release|Any CPU.ActiveCfg = Release|Any CPU
		{34BC09B7-E44E-44DE-9E2C-2E01DF8D6913}.Release|Any CPU.Build.0 = Release|Any CPU
		{4661B31F-B07A-458F-A54B-3A742D1E5772}.Debug|Any CPU.ActiveCfg = Debug|Any CPU
		{4661B31F-B07A-458F-A54B-3A742D1E5772}.Debug|Any CPU.Build.0 = Debug|Any CPU
		{4661B31F-B07A-458F-A54B-3A742D1E5772}.Release|Any CPU.ActiveCfg = Release|Any CPU
		{4661B31F-B07A-458F-A54B-3A742D1E5772}.Release|Any CPU.Build.0 = Release|Any CPU
		{7301E4C5-DC3E-4F08-913A-1CBA8B018719}.Debug|Any CPU.ActiveCfg = Debug|Any CPU
		{7301E4C5-DC3E-4F08-913A-1CBA8B018719}.Debug|Any CPU.Build.0 = Debug|Any CPU
		{7301E4C5-DC3E-4F08-913A-1CBA8B018719}.Release|Any CPU.ActiveCfg = Release|Any CPU
		{7301E4C5-DC3E-4F08-913A-1CBA8B018719}.Release|Any CPU.Build.0 = Release|Any CPU
		{721231C2-22BF-4A5F-8536-CBC63163E3FD}.Debug|Any CPU.ActiveCfg = Debug|Any CPU
		{721231C2-22BF-4A5F-8536-CBC63163E3FD}.Debug|Any CPU.Build.0 = Debug|Any CPU
		{721231C2-22BF-4A5F-8536-CBC63163E3FD}.Release|Any CPU.ActiveCfg = Release|Any CPU
		{721231C2-22BF-4A5F-8536-CBC63163E3FD}.Release|Any CPU.Build.0 = Release|Any CPU
		{791D6DA1-BA6D-4CF4-9F49-DE7A292A1AC7}.Debug|Any CPU.ActiveCfg = Debug|Any CPU
		{791D6DA1-BA6D-4CF4-9F49-DE7A292A1AC7}.Debug|Any CPU.Build.0 = Debug|Any CPU
		{791D6DA1-BA6D-4CF4-9F49-DE7A292A1AC7}.Release|Any CPU.ActiveCfg = Release|Any CPU
		{791D6DA1-BA6D-4CF4-9F49-DE7A292A1AC7}.Release|Any CPU.Build.0 = Release|Any CPU
		{D8064FC6-2C4E-4037-B68B-52AA0F6B76A2}.Debug|Any CPU.ActiveCfg = Debug|Any CPU
		{D8064FC6-2C4E-4037-B68B-52AA0F6B76A2}.Debug|Any CPU.Build.0 = Debug|Any CPU
		{D8064FC6-2C4E-4037-B68B-52AA0F6B76A2}.Release|Any CPU.ActiveCfg = Release|Any CPU
		{D8064FC6-2C4E-4037-B68B-52AA0F6B76A2}.Release|Any CPU.Build.0 = Release|Any CPU
		{BDC88D7C-F212-424A-AEC2-101CCE1B8C54}.Debug|Any CPU.ActiveCfg = Debug|Any CPU
		{BDC88D7C-F212-424A-AEC2-101CCE1B8C54}.Debug|Any CPU.Build.0 = Debug|Any CPU
		{BDC88D7C-F212-424A-AEC2-101CCE1B8C54}.Release|Any CPU.ActiveCfg = Release|Any CPU
		{BDC88D7C-F212-424A-AEC2-101CCE1B8C54}.Release|Any CPU.Build.0 = Release|Any CPU
		{FD60CD7A-B3DD-4267-ABF6-A2E3A409C5AB}.Debug|Any CPU.ActiveCfg = Debug|Any CPU
		{FD60CD7A-B3DD-4267-ABF6-A2E3A409C5AB}.Debug|Any CPU.Build.0 = Debug|Any CPU
		{FD60CD7A-B3DD-4267-ABF6-A2E3A409C5AB}.Release|Any CPU.ActiveCfg = Release|Any CPU
		{FD60CD7A-B3DD-4267-ABF6-A2E3A409C5AB}.Release|Any CPU.Build.0 = Release|Any CPU
		{9CAFDF43-5A60-4A39-A644-7226C27A8EC0}.Debug|Any CPU.ActiveCfg = Debug|Any CPU
		{9CAFDF43-5A60-4A39-A644-7226C27A8EC0}.Debug|Any CPU.Build.0 = Debug|Any CPU
		{9CAFDF43-5A60-4A39-A644-7226C27A8EC0}.Release|Any CPU.ActiveCfg = Release|Any CPU
		{9CAFDF43-5A60-4A39-A644-7226C27A8EC0}.Release|Any CPU.Build.0 = Release|Any CPU
		{54145AAE-7687-4523-A3C0-5FD440D72BEF}.Debug|Any CPU.ActiveCfg = Debug|Any CPU
		{54145AAE-7687-4523-A3C0-5FD440D72BEF}.Debug|Any CPU.Build.0 = Debug|Any CPU
		{54145AAE-7687-4523-A3C0-5FD440D72BEF}.Release|Any CPU.ActiveCfg = Release|Any CPU
		{54145AAE-7687-4523-A3C0-5FD440D72BEF}.Release|Any CPU.Build.0 = Release|Any CPU
		{2A5768FD-27ED-4935-80A1-B40E3226D97D}.Debug|Any CPU.ActiveCfg = Debug|Any CPU
		{2A5768FD-27ED-4935-80A1-B40E3226D97D}.Debug|Any CPU.Build.0 = Debug|Any CPU
		{2A5768FD-27ED-4935-80A1-B40E3226D97D}.Release|Any CPU.ActiveCfg = Release|Any CPU
		{2A5768FD-27ED-4935-80A1-B40E3226D97D}.Release|Any CPU.Build.0 = Release|Any CPU
		{56793D55-BA47-44FA-AC80-059E4B4214F9}.Debug|Any CPU.ActiveCfg = Debug|Any CPU
		{56793D55-BA47-44FA-AC80-059E4B4214F9}.Debug|Any CPU.Build.0 = Debug|Any CPU
		{56793D55-BA47-44FA-AC80-059E4B4214F9}.Release|Any CPU.ActiveCfg = Release|Any CPU
		{56793D55-BA47-44FA-AC80-059E4B4214F9}.Release|Any CPU.Build.0 = Release|Any CPU
		{C10DCAA0-CA34-46EF-8E98-3DCBA61ED7B6}.Debug|Any CPU.ActiveCfg = Debug|Any CPU
		{C10DCAA0-CA34-46EF-8E98-3DCBA61ED7B6}.Debug|Any CPU.Build.0 = Debug|Any CPU
		{C10DCAA0-CA34-46EF-8E98-3DCBA61ED7B6}.Release|Any CPU.ActiveCfg = Release|Any CPU
		{C10DCAA0-CA34-46EF-8E98-3DCBA61ED7B6}.Release|Any CPU.Build.0 = Release|Any CPU
		{569E3A0D-400D-40E5-BFD9-8E9E8C820C93}.Debug|Any CPU.ActiveCfg = Debug|Any CPU
		{569E3A0D-400D-40E5-BFD9-8E9E8C820C93}.Debug|Any CPU.Build.0 = Debug|Any CPU
		{569E3A0D-400D-40E5-BFD9-8E9E8C820C93}.Release|Any CPU.ActiveCfg = Release|Any CPU
		{569E3A0D-400D-40E5-BFD9-8E9E8C820C93}.Release|Any CPU.Build.0 = Release|Any CPU
	EndGlobalSection
	GlobalSection(SolutionProperties) = preSolution
		HideSolutionNode = FALSE
	EndGlobalSection
	GlobalSection(ExtensibilityGlobals) = postSolution
		SolutionGuid = {E8589F50-43F4-4BCF-AD0B-D69611F66301}
	EndGlobalSection
EndGlobal
